
Microsoft Visual Studio Solution File, Format Version 12.00
# Visual Studio Version 16
VisualStudioVersion = 16.0.30711.63
MinimumVisualStudioVersion = 10.0.40219.1
Project("{9A19103F-16F7-4668-BE54-9A1E7A4F7556}") = "Task_1.1", "Task_1.1\Task_1.1.csproj", "{8FB87C5F-29C7-43DD-82C0-00983F2CD4C6}"
EndProject
Project("{9A19103F-16F7-4668-BE54-9A1E7A4F7556}") = "Task_1.2", "Task_1.2\Task_1.2.csproj", "{7E4FD8F6-F2E5-4D9F-AA7B-CCDEB7D20DD8}"
EndProject
Project("{FAE04EC0-301F-11D3-BF4B-00C04F79EFBC}") = "Task_1.3", "Task_1.3\Task_1.3.csproj", "{A3E4BC88-BE9B-4761-BF1C-27DCE99F42EF}"
EndProject
Project("{FAE04EC0-301F-11D3-BF4B-00C04F79EFBC}") = "Task_1.4", "Task_1.4\Task_1.4.csproj", "{4824A0A8-3A4A-420C-976C-5A1044755D8A}"
EndProject
Project("{FAE04EC0-301F-11D3-BF4B-00C04F79EFBC}") = "Task_2.1", "Task_2.1\Task_2.1.csproj", "{2108A79F-D921-4118-9FFF-06DB994BD040}"
EndProject
Global
	GlobalSection(SolutionConfigurationPlatforms) = preSolution
		Debug|Any CPU = Debug|Any CPU
		Release|Any CPU = Release|Any CPU
	EndGlobalSection
	GlobalSection(ProjectConfigurationPlatforms) = postSolution
		{8FB87C5F-29C7-43DD-82C0-00983F2CD4C6}.Debug|Any CPU.ActiveCfg = Debug|Any CPU
		{8FB87C5F-29C7-43DD-82C0-00983F2CD4C6}.Debug|Any CPU.Build.0 = Debug|Any CPU
		{8FB87C5F-29C7-43DD-82C0-00983F2CD4C6}.Release|Any CPU.ActiveCfg = Release|Any CPU
		{8FB87C5F-29C7-43DD-82C0-00983F2CD4C6}.Release|Any CPU.Build.0 = Release|Any CPU
		{7E4FD8F6-F2E5-4D9F-AA7B-CCDEB7D20DD8}.Debug|Any CPU.ActiveCfg = Debug|Any CPU
		{7E4FD8F6-F2E5-4D9F-AA7B-CCDEB7D20DD8}.Debug|Any CPU.Build.0 = Debug|Any CPU
		{7E4FD8F6-F2E5-4D9F-AA7B-CCDEB7D20DD8}.Release|Any CPU.ActiveCfg = Release|Any CPU
		{7E4FD8F6-F2E5-4D9F-AA7B-CCDEB7D20DD8}.Release|Any CPU.Build.0 = Release|Any CPU
		{A3E4BC88-BE9B-4761-BF1C-27DCE99F42EF}.Debug|Any CPU.ActiveCfg = Debug|Any CPU
		{A3E4BC88-BE9B-4761-BF1C-27DCE99F42EF}.Debug|Any CPU.Build.0 = Debug|Any CPU
		{A3E4BC88-BE9B-4761-BF1C-27DCE99F42EF}.Release|Any CPU.ActiveCfg = Release|Any CPU
		{A3E4BC88-BE9B-4761-BF1C-27DCE99F42EF}.Release|Any CPU.Build.0 = Release|Any CPU
		{4824A0A8-3A4A-420C-976C-5A1044755D8A}.Debug|Any CPU.ActiveCfg = Debug|Any CPU
		{4824A0A8-3A4A-420C-976C-5A1044755D8A}.Debug|Any CPU.Build.0 = Debug|Any CPU
		{4824A0A8-3A4A-420C-976C-5A1044755D8A}.Release|Any CPU.ActiveCfg = Release|Any CPU
		{4824A0A8-3A4A-420C-976C-5A1044755D8A}.Release|Any CPU.Build.0 = Release|Any CPU
		{2108A79F-D921-4118-9FFF-06DB994BD040}.Debug|Any CPU.ActiveCfg = Debug|Any CPU
		{2108A79F-D921-4118-9FFF-06DB994BD040}.Debug|Any CPU.Build.0 = Debug|Any CPU
		{2108A79F-D921-4118-9FFF-06DB994BD040}.Release|Any CPU.ActiveCfg = Release|Any CPU
		{2108A79F-D921-4118-9FFF-06DB994BD040}.Release|Any CPU.Build.0 = Release|Any CPU
	EndGlobalSection
	GlobalSection(SolutionProperties) = preSolution
		HideSolutionNode = FALSE
	EndGlobalSection
	GlobalSection(ExtensibilityGlobals) = postSolution
		SolutionGuid = {C735A97A-EF7E-4F38-9B99-3805FCF66FFD}
	EndGlobalSection
EndGlobal
